
Microsoft Visual Studio Solution File, Format Version 12.00
# Visual Studio Version 17
VisualStudioVersion = 17.4.33205.214
MinimumVisualStudioVersion = 10.0.40219.1
Project("{FAE04EC0-301F-11D3-BF4B-00C04F79EFBC}") = "ConsoleApp1", "ConsoleApp1.csproj", "{00A360B1-D584-485B-9A02-F709D5E160FE}"
EndProject
Global
	GlobalSection(SolutionConfigurationPlatforms) = preSolution
		Debug|Any CPU = Debug|Any CPU
		Release|Any CPU = Release|Any CPU
	EndGlobalSection
	GlobalSection(ProjectConfigurationPlatforms) = postSolution
		{00A360B1-D584-485B-9A02-F709D5E160FE}.Debug|Any CPU.ActiveCfg = Debug|Any CPU
		{00A360B1-D584-485B-9A02-F709D5E160FE}.Debug|Any CPU.Build.0 = Debug|Any CPU
		{00A360B1-D584-485B-9A02-F709D5E160FE}.Release|Any CPU.ActiveCfg = Release|Any CPU
		{00A360B1-D584-485B-9A02-F709D5E160FE}.Release|Any CPU.Build.0 = Release|Any CPU
	EndGlobalSection
	GlobalSection(SolutionProperties) = preSolution
		HideSolutionNode = FALSE
	EndGlobalSection
	GlobalSection(ExtensibilityGlobals) = postSolution
		SolutionGuid = {E7A4E023-256D-4643-96EA-A980ECA9B2EB}
	EndGlobalSection
EndGlobal
